
Microsoft Visual Studio Solution File, Format Version 12.00
# Visual Studio Version 16
VisualStudioVersion = 16.0.28803.452
MinimumVisualStudioVersion = 10.0.40219.1
Project("{FAE04EC0-301F-11D3-BF4B-00C04F79EFBC}") = "App2.Android", "App2\App2.Android\App2.Android.csproj", "{9798B768-63C3-4000-AF69-011242D5CB26}"
EndProject
Project("{FAE04EC0-301F-11D3-BF4B-00C04F79EFBC}") = "App2.iOS", "App2\App2.iOS\App2.iOS.csproj", "{2F0072A4-124C-4357-A099-F7336B1A96CF}"
EndProject
Project("{FAE04EC0-301F-11D3-BF4B-00C04F79EFBC}") = "App2", "App2\App2\App2.csproj", "{7E4DB502-E378-4451-AB19-9435DD404886}"
EndProject
Global
	GlobalSection(SolutionConfigurationPlatforms) = preSolution
		Debug|Any CPU = Debug|Any CPU
		Debug|iPhone = Debug|iPhone
		Debug|iPhoneSimulator = Debug|iPhoneSimulator
		Release|Any CPU = Release|Any CPU
		Release|iPhone = Release|iPhone
		Release|iPhoneSimulator = Release|iPhoneSimulator
	EndGlobalSection
	GlobalSection(ProjectConfigurationPlatforms) = postSolution
		{9798B768-63C3-4000-AF69-011242D5CB26}.Debug|Any CPU.ActiveCfg = Debug|Any CPU
		{9798B768-63C3-4000-AF69-011242D5CB26}.Debug|Any CPU.Build.0 = Debug|Any CPU
		{9798B768-63C3-4000-AF69-011242D5CB26}.Debug|Any CPU.Deploy.0 = Debug|Any CPU
		{9798B768-63C3-4000-AF69-011242D5CB26}.Debug|iPhone.ActiveCfg = Debug|Any CPU
		{9798B768-63C3-4000-AF69-011242D5CB26}.Debug|iPhone.Build.0 = Debug|Any CPU
		{9798B768-63C3-4000-AF69-011242D5CB26}.Debug|iPhone.Deploy.0 = Debug|Any CPU
		{9798B768-63C3-4000-AF69-011242D5CB26}.Debug|iPhoneSimulator.ActiveCfg = Debug|Any CPU
		{9798B768-63C3-4000-AF69-011242D5CB26}.Debug|iPhoneSimulator.Build.0 = Debug|Any CPU
		{9798B768-63C3-4000-AF69-011242D5CB26}.Debug|iPhoneSimulator.Deploy.0 = Debug|Any CPU
		{9798B768-63C3-4000-AF69-011242D5CB26}.Release|Any CPU.ActiveCfg = Release|Any CPU
		{9798B768-63C3-4000-AF69-011242D5CB26}.Release|Any CPU.Build.0 = Release|Any CPU
		{9798B768-63C3-4000-AF69-011242D5CB26}.Release|Any CPU.Deploy.0 = Release|Any CPU
		{9798B768-63C3-4000-AF69-011242D5CB26}.Release|iPhone.ActiveCfg = Release|Any CPU
		{9798B768-63C3-4000-AF69-011242D5CB26}.Release|iPhone.Build.0 = Release|Any CPU
		{9798B768-63C3-4000-AF69-011242D5CB26}.Release|iPhone.Deploy.0 = Release|Any CPU
		{9798B768-63C3-4000-AF69-011242D5CB26}.Release|iPhoneSimulator.ActiveCfg = Release|Any CPU
		{9798B768-63C3-4000-AF69-011242D5CB26}.Release|iPhoneSimulator.Build.0 = Release|Any CPU
		{9798B768-63C3-4000-AF69-011242D5CB26}.Release|iPhoneSimulator.Deploy.0 = Release|Any CPU
		{2F0072A4-124C-4357-A099-F7336B1A96CF}.Debug|Any CPU.ActiveCfg = Debug|iPhoneSimulator
		{2F0072A4-124C-4357-A099-F7336B1A96CF}.Debug|Any CPU.Build.0 = Debug|iPhoneSimulator
		{2F0072A4-124C-4357-A099-F7336B1A96CF}.Debug|Any CPU.Deploy.0 = Debug|iPhoneSimulator
		{2F0072A4-124C-4357-A099-F7336B1A96CF}.Debug|iPhone.ActiveCfg = Debug|iPhone
		{2F0072A4-124C-4357-A099-F7336B1A96CF}.Debug|iPhone.Build.0 = Debug|iPhone
		{2F0072A4-124C-4357-A099-F7336B1A96CF}.Debug|iPhone.Deploy.0 = Debug|iPhone
		{2F0072A4-124C-4357-A099-F7336B1A96CF}.Debug|iPhoneSimulator.ActiveCfg = Debug|iPhoneSimulator
		{2F0072A4-124C-4357-A099-F7336B1A96CF}.Debug|iPhoneSimulator.Build.0 = Debug|iPhoneSimulator
		{2F0072A4-124C-4357-A099-F7336B1A96CF}.Debug|iPhoneSimulator.Deploy.0 = Debug|iPhoneSimulator
		{2F0072A4-124C-4357-A099-F7336B1A96CF}.Release|Any CPU.ActiveCfg = Release|iPhone
		{2F0072A4-124C-4357-A099-F7336B1A96CF}.Release|Any CPU.Build.0 = Release|iPhone
		{2F0072A4-124C-4357-A099-F7336B1A96CF}.Release|Any CPU.Deploy.0 = Release|iPhone
		{2F0072A4-124C-4357-A099-F7336B1A96CF}.Release|iPhone.ActiveCfg = Release|iPhone
		{2F0072A4-124C-4357-A099-F7336B1A96CF}.Release|iPhone.Build.0 = Release|iPhone
		{2F0072A4-124C-4357-A099-F7336B1A96CF}.Release|iPhone.Deploy.0 = Release|iPhone
		{2F0072A4-124C-4357-A099-F7336B1A96CF}.Release|iPhoneSimulator.ActiveCfg = Release|iPhoneSimulator
		{2F0072A4-124C-4357-A099-F7336B1A96CF}.Release|iPhoneSimulator.Build.0 = Release|iPhoneSimulator
		{2F0072A4-124C-4357-A099-F7336B1A96CF}.Release|iPhoneSimulator.Deploy.0 = Release|iPhoneSimulator
		{7E4DB502-E378-4451-AB19-9435DD404886}.Debug|Any CPU.ActiveCfg = Debug|Any CPU
		{7E4DB502-E378-4451-AB19-9435DD404886}.Debug|Any CPU.Build.0 = Debug|Any CPU
		{7E4DB502-E378-4451-AB19-9435DD404886}.Debug|Any CPU.Deploy.0 = Debug|Any CPU
		{7E4DB502-E378-4451-AB19-9435DD404886}.Debug|iPhone.ActiveCfg = Debug|Any CPU
		{7E4DB502-E378-4451-AB19-9435DD404886}.Debug|iPhone.Build.0 = Debug|Any CPU
		{7E4DB502-E378-4451-AB19-9435DD404886}.Debug|iPhone.Deploy.0 = Debug|Any CPU
		{7E4DB502-E378-4451-AB19-9435DD404886}.Debug|iPhoneSimulator.ActiveCfg = Debug|Any CPU
		{7E4DB502-E378-4451-AB19-9435DD404886}.Debug|iPhoneSimulator.Build.0 = Debug|Any CPU
		{7E4DB502-E378-4451-AB19-9435DD404886}.Debug|iPhoneSimulator.Deploy.0 = Debug|Any CPU
		{7E4DB502-E378-4451-AB19-9435DD404886}.Release|Any CPU.ActiveCfg = Release|Any CPU
		{7E4DB502-E378-4451-AB19-9435DD404886}.Release|Any CPU.Build.0 = Release|Any CPU
		{7E4DB502-E378-4451-AB19-9435DD404886}.Release|Any CPU.Deploy.0 = Release|Any CPU
		{7E4DB502-E378-4451-AB19-9435DD404886}.Release|iPhone.ActiveCfg = Release|Any CPU
		{7E4DB502-E378-4451-AB19-9435DD404886}.Release|iPhone.Build.0 = Release|Any CPU
		{7E4DB502-E378-4451-AB19-9435DD404886}.Release|iPhone.Deploy.0 = Release|Any CPU
		{7E4DB502-E378-4451-AB19-9435DD404886}.Release|iPhoneSimulator.ActiveCfg = Release|Any CPU
		{7E4DB502-E378-4451-AB19-9435DD404886}.Release|iPhoneSimulator.Build.0 = Release|Any CPU
		{7E4DB502-E378-4451-AB19-9435DD404886}.Release|iPhoneSimulator.Deploy.0 = Release|Any CPU
	EndGlobalSection
	GlobalSection(SolutionProperties) = preSolution
		HideSolutionNode = FALSE
	EndGlobalSection
	GlobalSection(ExtensibilityGlobals) = postSolution
		SolutionGuid = {9B554671-B9AA-4A8B-A3C0-6D4E97AB12AE}
	EndGlobalSection
EndGlobal
